
Microsoft Visual Studio Solution File, Format Version 12.00
# Visual Studio Version 17
VisualStudioVersion = 17.2.32519.379
MinimumVisualStudioVersion = 10.0.40219.1
Project("{FAE04EC0-301F-11D3-BF4B-00C04F79EFBC}") = "NetCommander", "NetCommander\NetCommander.csproj", "{6C75308B-B07A-48CE-989E-59CFA447238D}"
EndProject
Global
	GlobalSection(SolutionConfigurationPlatforms) = preSolution
		Debug|Any CPU = Debug|Any CPU
		Release|Any CPU = Release|Any CPU
	EndGlobalSection
	GlobalSection(ProjectConfigurationPlatforms) = postSolution
		{6C75308B-B07A-48CE-989E-59CFA447238D}.Debug|Any CPU.ActiveCfg = Debug|Any CPU
		{6C75308B-B07A-48CE-989E-59CFA447238D}.Debug|Any CPU.Build.0 = Debug|Any CPU
		{6C75308B-B07A-48CE-989E-59CFA447238D}.Release|Any CPU.ActiveCfg = Release|Any CPU
		{6C75308B-B07A-48CE-989E-59CFA447238D}.Release|Any CPU.Build.0 = Release|Any CPU
	EndGlobalSection
	GlobalSection(SolutionProperties) = preSolution
		HideSolutionNode = FALSE
	EndGlobalSection
	GlobalSection(ExtensibilityGlobals) = postSolution
		SolutionGuid = {867F3506-9096-498F-9786-04B6E2D0ADE6}
	EndGlobalSection
EndGlobal
